
Microsoft Visual Studio Solution File, Format Version 12.00
# Visual Studio Version 17
VisualStudioVersion = 17.7.34024.191
MinimumVisualStudioVersion = 10.0.40219.1
Project("{FAE04EC0-301F-11D3-BF4B-00C04F79EFBC}") = "L2k-2023-11-23-Graphics2", "L2k-2023-11-23-Graphics2\L2k-2023-11-23-Graphics2.csproj", "{F2B07288-6EB1-47F0-A535-FFD85B2476EB}"
EndProject
Global
	GlobalSection(SolutionConfigurationPlatforms) = preSolution
		Debug|Any CPU = Debug|Any CPU
		Release|Any CPU = Release|Any CPU
	EndGlobalSection
	GlobalSection(ProjectConfigurationPlatforms) = postSolution
		{F2B07288-6EB1-47F0-A535-FFD85B2476EB}.Debug|Any CPU.ActiveCfg = Debug|Any CPU
		{F2B07288-6EB1-47F0-A535-FFD85B2476EB}.Debug|Any CPU.Build.0 = Debug|Any CPU
		{F2B07288-6EB1-47F0-A535-FFD85B2476EB}.Release|Any CPU.ActiveCfg = Release|Any CPU
		{F2B07288-6EB1-47F0-A535-FFD85B2476EB}.Release|Any CPU.Build.0 = Release|Any CPU
	EndGlobalSection
	GlobalSection(SolutionProperties) = preSolution
		HideSolutionNode = FALSE
	EndGlobalSection
	GlobalSection(ExtensibilityGlobals) = postSolution
		SolutionGuid = {28CC6B4F-276E-4D4C-A017-F263B4616585}
	EndGlobalSection
EndGlobal
